
Microsoft Visual Studio Solution File, Format Version 12.00
# Visual Studio Version 16
VisualStudioVersion = 16.0.30804.86
MinimumVisualStudioVersion = 10.0.40219.1
Project("{9A19103F-16F7-4668-BE54-9A1E7A4F7556}") = "MindBox Console", "..\MindBox Console\MindBox Console.csproj", "{FF5895D2-5A3F-4627-974F-DC09BAA70539}"
EndProject
Project("{9A19103F-16F7-4668-BE54-9A1E7A4F7556}") = "MindBox Library", "..\MindBox Library\MindBox Library.csproj", "{409E4DAB-6DBF-43B2-B25E-1390546AEE31}"
EndProject
Project("{FAE04EC0-301F-11D3-BF4B-00C04F79EFBC}") = "MindBox.Tests", "MindBox.Tests\MindBox.Tests.csproj", "{9644C7EF-FF72-4DA6-BDDE-4AD82F4F4646}"
EndProject
Global
	GlobalSection(SolutionConfigurationPlatforms) = preSolution
		Debug|Any CPU = Debug|Any CPU
		Release|Any CPU = Release|Any CPU
	EndGlobalSection
	GlobalSection(ProjectConfigurationPlatforms) = postSolution
		{FF5895D2-5A3F-4627-974F-DC09BAA70539}.Debug|Any CPU.ActiveCfg = Debug|Any CPU
		{FF5895D2-5A3F-4627-974F-DC09BAA70539}.Debug|Any CPU.Build.0 = Debug|Any CPU
		{FF5895D2-5A3F-4627-974F-DC09BAA70539}.Release|Any CPU.ActiveCfg = Release|Any CPU
		{FF5895D2-5A3F-4627-974F-DC09BAA70539}.Release|Any CPU.Build.0 = Release|Any CPU
		{409E4DAB-6DBF-43B2-B25E-1390546AEE31}.Debug|Any CPU.ActiveCfg = Debug|Any CPU
		{409E4DAB-6DBF-43B2-B25E-1390546AEE31}.Debug|Any CPU.Build.0 = Debug|Any CPU
		{409E4DAB-6DBF-43B2-B25E-1390546AEE31}.Release|Any CPU.ActiveCfg = Release|Any CPU
		{409E4DAB-6DBF-43B2-B25E-1390546AEE31}.Release|Any CPU.Build.0 = Release|Any CPU
		{9644C7EF-FF72-4DA6-BDDE-4AD82F4F4646}.Debug|Any CPU.ActiveCfg = Debug|Any CPU
		{9644C7EF-FF72-4DA6-BDDE-4AD82F4F4646}.Debug|Any CPU.Build.0 = Debug|Any CPU
		{9644C7EF-FF72-4DA6-BDDE-4AD82F4F4646}.Release|Any CPU.ActiveCfg = Release|Any CPU
		{9644C7EF-FF72-4DA6-BDDE-4AD82F4F4646}.Release|Any CPU.Build.0 = Release|Any CPU
	EndGlobalSection
	GlobalSection(SolutionProperties) = preSolution
		HideSolutionNode = FALSE
	EndGlobalSection
	GlobalSection(ExtensibilityGlobals) = postSolution
		SolutionGuid = {84AB3C8D-BBEB-40E3-B556-2C584D818222}
	EndGlobalSection
EndGlobal
